{
    "hash": "b14b62cf0af18d94c27a8681394af80e",
    "packages": [
        {
            "name": "peej/tonic",
            "version": "dev-master",
            "source": {
                "type": "git",
                "url": "https://github.com/peej/tonic",
                "reference": "015f8ebd70c802be71d1d79d70bbff29f8af7b50"
            },
            "dist": {
                "type": "zip",
                "url": "https://api.github.com/repos/peej/tonic/zipball/015f8ebd70c802be71d1d79d70bbff29f8af7b50",
                "reference": "015f8ebd70c802be71d1d79d70bbff29f8af7b50",
                "shasum": ""
            },
            "require": {
                "php": ">=5.3.0"
            },
            "require-dev": {
                "behat/behat": "2.*",
                "phpspec/phpspec": "dev-master"
            },
            "suggest": {
                "pimple/pimple": "A simple dependancy injection container to handle your services",
                "smarty/smarty": "PHP templating engine for building response representations"
            },
            "time": "2013-01-26 21:44:03",
            "type": "library",
            "autoload": {
                "psr-0": {
                    "Tonic": "src/"
                }
            },
            "notification-url": "https://packagist.org/downloads/",
            "license": [
                "MIT"
            ],
            "authors": [
                {
                    "name": "Paul James",
                    "email": "paul@peej.co.uk"
                }
            ],
            "description": "The RESTful Web App PHP Micro-Framework",
            "homepage": "http://peej.github.com/tonic",
            "keywords": [
                "microframework",
                "rest"
            ]
        }
    ],
    "packages-dev": null,
    "aliases": [

    ],
    "minimum-stability": "stable",
    "stability-flags": {
        "peej/tonic": 20
    }
}
