{
    "hash": "beefc0cf52b223831a23a898998ff30f",
    "packages": [
        {
            "name": "peej/tonic",
            "version": "v3.0",
            "source": {
                "type": "git",
                "url": "https://github.com/peej/tonic",
                "reference": "v3.0"
            },
            "dist": {
                "type": "zip",
                "url": "https://github.com/peej/tonic/zipball/v3.0",
                "reference": "v3.0",
                "shasum": ""
            },
            "require": {
                "php": ">=5.3.0"
            },
            "require-dev": {
                "behat/behat": "2.*"
            },
            "suggest": {
                "pimple/pimple": "A simple dependancy injection container to handle your services",
                "smarty/smarty": "PHP templating engine for building response representations"
            },
            "time": "2012-08-09 14:31:36",
            "type": "library",
            "autoload": {
                "psr-0": {
                    "Tonic": "src/"
                }
            },
            "notification-url": "https://packagist.org/downloads/",
            "license": [
                "MIT"
            ],
            "authors": [
                {
                    "name": "Paul James",
                    "email": "paul@peej.co.uk"
                }
            ],
            "description": "The RESTful Web App PHP Micro-Framework",
            "homepage": "http://peej.github.com/tonic",
            "keywords": [
                "microframework",
                "rest"
            ]
        }
    ],
    "packages-dev": [

    ],
    "aliases": [

    ],
    "minimum-stability": "stable",
    "stability-flags": [

    ]
}
